
Microsoft Visual Studio Solution File, Format Version 12.00
# Visual Studio Version 17
VisualStudioVersion = 17.6.33815.320
MinimumVisualStudioVersion = 10.0.40219.1
Project("{9A19103F-16F7-4668-BE54-9A1E7A4F7556}") = "DesafioAxis.WepApi", "DesafioAxis.WepApi\DesafioAxis.WepApi.csproj", "{AD902EBF-819B-42E7-957F-712DD3975E85}"
EndProject
Global
	GlobalSection(SolutionConfigurationPlatforms) = preSolution
		Debug|Any CPU = Debug|Any CPU
		Release|Any CPU = Release|Any CPU
	EndGlobalSection
	GlobalSection(ProjectConfigurationPlatforms) = postSolution
		{AD902EBF-819B-42E7-957F-712DD3975E85}.Debug|Any CPU.ActiveCfg = Debug|Any CPU
		{AD902EBF-819B-42E7-957F-712DD3975E85}.Debug|Any CPU.Build.0 = Debug|Any CPU
		{AD902EBF-819B-42E7-957F-712DD3975E85}.Release|Any CPU.ActiveCfg = Release|Any CPU
		{AD902EBF-819B-42E7-957F-712DD3975E85}.Release|Any CPU.Build.0 = Release|Any CPU
	EndGlobalSection
	GlobalSection(SolutionProperties) = preSolution
		HideSolutionNode = FALSE
	EndGlobalSection
	GlobalSection(ExtensibilityGlobals) = postSolution
		SolutionGuid = {88EC6D8E-C2E6-4D88-AECE-726CAA910975}
	EndGlobalSection
EndGlobal
